<?xml version="1.0" encoding="utf-8"?>
<Project ToolsVersion="4.0" xmlns="http://schemas.microsoft.com/developer/msbuild/2003">
  <ItemGroup>
    <Filter Include="Header Files">
      <UniqueIdentifier>{93995380-89BD-4b04-88EB-625FBE52EBFB}</UniqueIdentifier>
      <Extensions>h;hh;hpp;hxx;h++;hm;inl;inc;ipp;xsd</Extensions>
    </Filter>
    <Filter Include="Core">
      <UniqueIdentifier>{9b45d3d9-a366-4074-a7a2-39cee866d856}</UniqueIdentifier>
    </Filter>
    <Filter Include="Renderer">
      <UniqueIdentifier>{01cd8ef9-acdc-4e10-a867-d3114beaae28}</UniqueIdentifier>
    </Filter>
    <Filter Include="Windows">
      <UniqueIdentifier>{78fcccdb-ea3d-4cd2-b8c0-937bf68db145}</UniqueIdentifier>
    </Filter>
    <Filter Include="Componenets">
      <UniqueIdentifier>{db399259-a9b7-4866-a0e1-909f8ffeaa94}</UniqueIdentifier>
    </Filter>
    <Filter Include="Core\Resource Files">
      <UniqueIdentifier>{67DA6AB6-F800-4c08-8B7A-83BB121AAD01}</UniqueIdentifier>
      <Extensions>rc;ico;cur;bmp;dlg;rc2;rct;bin;rgs;gif;jpg;jpeg;jpe;resx;tiff;tif;png;wav;mfcribbon-ms</Extensions>
    </Filter>
    <Filter Include="Sandbox API">
      <UniqueIdentifier>{b6b5fffb-ac1d-462a-82a5-469c7dc1c517}</UniqueIdentifier>
    </Filter>
    <Filter Include="Input">
      <UniqueIdentifier>{a548c2dc-6bce-4eba-877a-82db1fc90f5a}</UniqueIdentifier>
    </Filter>
    <Filter Include="Sandbox API\Source Files">
      <UniqueIdentifier>{4FC737F1-C7A5-4376-A066-2A32D752A2FF}</UniqueIdentifier>
      <Extensions>cpp;c;cc;cxx;c++;cppm;ixx;def;odl;idl;hpj;bat;asm;asmx</Extensions>
    </Filter>
    <Filter Include="GLAD">
      <UniqueIdentifier>{2933d57c-82bf-4045-a7af-38fca3f20268}</UniqueIdentifier>
    </Filter>
    <Filter Include="Asset">
      <UniqueIdentifier>{e6f98153-fee7-4dc0-ab60-05c4bb73d5db}</UniqueIdentifier>
    </Filter>
  </ItemGroup>
  <ItemGroup>
    <ClInclude Include="pch.h">
      <Filter>Header Files</Filter>
    </ClInclude>
    <ClInclude Include="Application.h">
      <Filter>Core</Filter>
    </ClInclude>
    <ClInclude Include="EntryPoint.h">
      <Filter>Core</Filter>
    </ClInclude>
    <ClInclude Include="Window.h">
      <Filter>Windows</Filter>
    </ClInclude>
    <ClInclude Include="GlWindow.h">
      <Filter>Windows</Filter>
    </ClInclude>
    <ClInclude Include="EngineTime.h">
      <Filter>Core</Filter>
    </ClInclude>
    <ClInclude Include="RenderSystem.h">
      <Filter>Renderer</Filter>
    </ClInclude>
    <ClInclude Include="Renderer.h">
      <Filter>Renderer</Filter>
    </ClInclude>
    <ClInclude Include="framework.h" />
    <ClInclude Include="EngineContex.h">
      <Filter>Core</Filter>
    </ClInclude>
    <ClInclude Include="InputAPI.h">
      <Filter>Sandbox API</Filter>
    </ClInclude>
    <ClInclude Include="InputSystem.h">
      <Filter>Input</Filter>
    </ClInclude>
    <ClInclude Include="GlfwInputSystem.h">
      <Filter>Input</Filter>
    </ClInclude>
    <ClInclude Include="KeyCode.h">
      <Filter>Input</Filter>
    </ClInclude>
    <ClInclude Include="GraphicsAPI.h">
      <Filter>Core</Filter>
    </ClInclude>
    <ClInclude Include="BackendFactory.h">
      <Filter>Core</Filter>
    </ClInclude>
    <ClInclude Include="Renderable.h">
      <Filter>Renderer</Filter>
    </ClInclude>
    <ClInclude Include="GLRenderer.h">
      <Filter>Renderer</Filter>
    </ClInclude>
    <ClInclude Include="GLFWgraphics.h">
      <Filter>Core</Filter>
    </ClInclude>
    <ClInclude Include="..\Externals\GLFW\glad.h">
      <Filter>GLAD</Filter>
    </ClInclude>
    <ClInclude Include="..\Externals\GLFW\khrplatform.h">
      <Filter>GLAD</Filter>
    </ClInclude>
    <ClInclude Include="Asset.h">
      <Filter>Asset</Filter>
    </ClInclude>
    <ClInclude Include="AssetEntry.h">
      <Filter>Asset</Filter>
    </ClInclude>
    <ClInclude Include="AssetManager.h">
      <Filter>Core</Filter>
    </ClInclude>
    <ClInclude Include="Texture.h">
      <Filter>Asset</Filter>
    </ClInclude>
    <ClInclude Include="..\Externals\stb\stb_image.h">
      <Filter>Header Files</Filter>
    </ClInclude>
    <ClInclude Include="Shader.h">
      <Filter>Asset</Filter>
    </ClInclude>
    <ClInclude Include="RenderableType.h">
      <Filter>Asset</Filter>
    </ClInclude>
    <ClInclude Include="Componenet.h">
      <Filter>Componenets</Filter>
    </ClInclude>
    <ClInclude Include="GameObject.h">
      <Filter>Componenets</Filter>
    </ClInclude>
    <ClInclude Include="Transform.h">
      <Filter>Componenets</Filter>
    </ClInclude>
    <ClInclude Include="VertexBehaviour.h">
      <Filter>Componenets</Filter>
    </ClInclude>
    <ClInclude Include="TimeAPI.h">
      <Filter>Sandbox API</Filter>
    </ClInclude>
    <ClInclude Include="WindowAPI.h">
      <Filter>Sandbox API</Filter>
    </ClInclude>
    <ClInclude Include="Scene.h">
      <Filter>Core</Filter>
    </ClInclude>
    <ClInclude Include="SceneManager.h">
      <Filter>Core</Filter>
    </ClInclude>
    <ClInclude Include="AssetType.h">
      <Filter>Asset</Filter>
    </ClInclude>
  </ItemGroup>
  <ItemGroup>
    <ClCompile Include="pch.cpp">
      <Filter>Sandbox API\Source Files</Filter>
    </ClCompile>
    <ClCompile Include="Application.cpp">
      <Filter>Core</Filter>
    </ClCompile>
    <ClCompile Include="GlWindow.cpp">
      <Filter>Windows</Filter>
    </ClCompile>
    <ClCompile Include="EngineTime.cpp">
      <Filter>Core</Filter>
    </ClCompile>
    <ClCompile Include="RenderSystem.cpp">
      <Filter>Renderer</Filter>
    </ClCompile>
    <ClCompile Include="GlfwInputSystem.cpp">
      <Filter>Input</Filter>
    </ClCompile>
    <ClCompile Include="BackendFactory.cpp">
      <Filter>Core</Filter>
    </ClCompile>
    <ClCompile Include="GLRenderer.cpp">
      <Filter>Renderer</Filter>
    </ClCompile>
    <ClCompile Include="..\Externals\GLFW\glad.c">
      <Filter>GLAD</Filter>
    </ClCompile>
    <ClCompile Include="AssetManager.cpp">
      <Filter>Core</Filter>
    </ClCompile>
    <ClCompile Include="Texture.cpp">
      <Filter>Asset</Filter>
    </ClCompile>
    <ClCompile Include="Shader.cpp">
      <Filter>Asset</Filter>
    </ClCompile>
    <ClCompile Include="Transform.cpp">
      <Filter>Componenets</Filter>
    </ClCompile>
    <ClCompile Include="TimeAPI.cpp">
      <Filter>Sandbox API\Source Files</Filter>
    </ClCompile>
    <ClCompile Include="WindowAPI.cpp">
      <Filter>Sandbox API\Source Files</Filter>
    </ClCompile>
    <ClCompile Include="Scene.cpp">
      <Filter>Core</Filter>
    </ClCompile>
    <ClCompile Include="SceneManager.cpp">
      <Filter>Core</Filter>
    </ClCompile>
    <ClCompile Include="InputAPI.cpp">
      <Filter>Sandbox API\Source Files</Filter>
    </ClCompile>
  </ItemGroup>
</Project>